
Microsoft Visual Studio Solution File, Format Version 12.00
# Visual Studio Version 18
VisualStudioVersion = 18.2.11415.280 d18.0
MinimumVisualStudioVersion = 10.0.40219.1
Project("{2150E333-8FDC-42A3-9474-1A3956D46DE8}") = "src", "src", "{827E0CD3-B72D-47B6-A68D-7590B98EB39B}"
EndProject
Project("{FAE04EC0-301F-11D3-BF4B-00C04F79EFBC}") = "MiniDrive.Api", "src\MiniDrive.Api\MiniDrive.Api.csproj", "{53F37E41-5FDA-306A-002C-334CB834F5E8}"
EndProject
Project("{FAE04EC0-301F-11D3-BF4B-00C04F79EFBC}") = "MiniDrive.Audit", "src\MiniDrive.Audit\MiniDrive.Audit.csproj", "{E8D352F2-E639-4953-E773-F9618EAFF912}"
EndProject
Project("{FAE04EC0-301F-11D3-BF4B-00C04F79EFBC}") = "MiniDrive.Common", "src\MiniDrive.Common\MiniDrive.Common.csproj", "{69A36CE2-94F8-4690-83A5-DB879D92EF63}"
EndProject
Project("{FAE04EC0-301F-11D3-BF4B-00C04F79EFBC}") = "MiniDrive.Files", "src\MiniDrive.Files\MiniDrive.Files.csproj", "{3CCF6432-7E28-91C5-46E3-ED0E032DAFFB}"
EndProject
Project("{FAE04EC0-301F-11D3-BF4B-00C04F79EFBC}") = "MiniDrive.Folders", "src\MiniDrive.Folders\MiniDrive.Folders.csproj", "{E5FEED70-DF5A-8628-162C-8D92D6A86A95}"
EndProject
Project("{FAE04EC0-301F-11D3-BF4B-00C04F79EFBC}") = "MiniDrive.Identity", "src\MiniDrive.Identity\MiniDrive.Identity.csproj", "{E5308F38-829F-CD9B-C4F0-E76C016A1FEA}"
EndProject
Project("{FAE04EC0-301F-11D3-BF4B-00C04F79EFBC}") = "MiniDrive.Quota", "src\MiniDrive.Quota\MiniDrive.Quota.csproj", "{CF1B7240-323A-1AC9-50E3-DA8624BEECE0}"
EndProject
Project("{FAE04EC0-301F-11D3-BF4B-00C04F79EFBC}") = "MiniDrive.Sharing", "src\MiniDrive.Sharing\MiniDrive.Sharing.csproj", "{F1B464E7-4FCF-2262-9CFB-94942DA2C4FD}"
EndProject
Project("{FAE04EC0-301F-11D3-BF4B-00C04F79EFBC}") = "MiniDrive.Storage", "src\MiniDrive.Storage\MiniDrive.Storage.csproj", "{66B6B2D7-1D96-1E6E-C1AF-E49DEA6DB93F}"
EndProject
Project("{FAE04EC0-301F-11D3-BF4B-00C04F79EFBC}") = "MiniDrive.Identity.Api", "src\MiniDrive.Identity.Api\MiniDrive.Identity.Api.csproj", "{92FE51A6-3B4F-44E3-953E-4BB6B39382CE}"
EndProject
Project("{FAE04EC0-301F-11D3-BF4B-00C04F79EFBC}") = "MiniDrive.Files.Api", "src\MiniDrive.Files.Api\MiniDrive.Files.Api.csproj", "{7C7029DD-9E3F-4FB3-9F88-69CE533C57A8}"
EndProject
Project("{FAE04EC0-301F-11D3-BF4B-00C04F79EFBC}") = "MiniDrive.Clients", "src\MiniDrive.Clients\MiniDrive.Clients.csproj", "{03E3ADFA-8AAE-4FB6-B710-727E5893C50E}"
EndProject
Project("{FAE04EC0-301F-11D3-BF4B-00C04F79EFBC}") = "MiniDrive.Folders.Api", "src\MiniDrive.Folders.Api\MiniDrive.Folders.Api.csproj", "{9E439249-E6FF-4576-83CB-F7C1F3CD13C5}"
EndProject
Project("{FAE04EC0-301F-11D3-BF4B-00C04F79EFBC}") = "MiniDrive.Quota.Api", "src\MiniDrive.Quota.Api\MiniDrive.Quota.Api.csproj", "{2A6D39F7-A6E1-4B32-8E1B-F2725596D2CC}"
EndProject
Project("{FAE04EC0-301F-11D3-BF4B-00C04F79EFBC}") = "MiniDrive.Audit.Api", "src\MiniDrive.Audit.Api\MiniDrive.Audit.Api.csproj", "{4D908B30-DDAB-4E6C-AE34-84F508A57C30}"
EndProject
Project("{FAE04EC0-301F-11D3-BF4B-00C04F79EFBC}") = "MiniDrive.Gateway.Api", "src\MiniDrive.Gateway.Api\MiniDrive.Gateway.Api.csproj", "{3638CB56-88D4-42E4-AD2F-2C4979C52123}"
EndProject
Project("{FAE04EC0-301F-11D3-BF4B-00C04F79EFBC}") = "MiniDrive.Sharing.Api", "src\MiniDrive.Sharing.Api\MiniDrive.Sharing.Api.csproj", "{9721A8A4-1DC9-5E9D-4081-E84527C0509F}"
EndProject
Global
	GlobalSection(SolutionConfigurationPlatforms) = preSolution
		Debug|Any CPU = Debug|Any CPU
		Debug|x64 = Debug|x64
		Debug|x86 = Debug|x86
		Release|Any CPU = Release|Any CPU
		Release|x64 = Release|x64
		Release|x86 = Release|x86
	EndGlobalSection
	GlobalSection(ProjectConfigurationPlatforms) = postSolution
		{53F37E41-5FDA-306A-002C-334CB834F5E8}.Debug|Any CPU.ActiveCfg = Debug|Any CPU
		{53F37E41-5FDA-306A-002C-334CB834F5E8}.Debug|Any CPU.Build.0 = Debug|Any CPU
		{53F37E41-5FDA-306A-002C-334CB834F5E8}.Debug|x64.ActiveCfg = Debug|Any CPU
		{53F37E41-5FDA-306A-002C-334CB834F5E8}.Debug|x64.Build.0 = Debug|Any CPU
		{53F37E41-5FDA-306A-002C-334CB834F5E8}.Debug|x86.ActiveCfg = Debug|Any CPU
		{53F37E41-5FDA-306A-002C-334CB834F5E8}.Debug|x86.Build.0 = Debug|Any CPU
		{53F37E41-5FDA-306A-002C-334CB834F5E8}.Release|Any CPU.ActiveCfg = Release|Any CPU
		{53F37E41-5FDA-306A-002C-334CB834F5E8}.Release|Any CPU.Build.0 = Release|Any CPU
		{53F37E41-5FDA-306A-002C-334CB834F5E8}.Release|x64.ActiveCfg = Release|Any CPU
		{53F37E41-5FDA-306A-002C-334CB834F5E8}.Release|x64.Build.0 = Release|Any CPU
		{53F37E41-5FDA-306A-002C-334CB834F5E8}.Release|x86.ActiveCfg = Release|Any CPU
		{53F37E41-5FDA-306A-002C-334CB834F5E8}.Release|x86.Build.0 = Release|Any CPU
		{E8D352F2-E639-4953-E773-F9618EAFF912}.Debug|Any CPU.ActiveCfg = Debug|Any CPU
		{E8D352F2-E639-4953-E773-F9618EAFF912}.Debug|Any CPU.Build.0 = Debug|Any CPU
		{E8D352F2-E639-4953-E773-F9618EAFF912}.Debug|x64.ActiveCfg = Debug|Any CPU
		{E8D352F2-E639-4953-E773-F9618EAFF912}.Debug|x64.Build.0 = Debug|Any CPU
		{E8D352F2-E639-4953-E773-F9618EAFF912}.Debug|x86.ActiveCfg = Debug|Any CPU
		{E8D352F2-E639-4953-E773-F9618EAFF912}.Debug|x86.Build.0 = Debug|Any CPU
		{E8D352F2-E639-4953-E773-F9618EAFF912}.Release|Any CPU.ActiveCfg = Release|Any CPU
		{E8D352F2-E639-4953-E773-F9618EAFF912}.Release|Any CPU.Build.0 = Release|Any CPU
		{E8D352F2-E639-4953-E773-F9618EAFF912}.Release|x64.ActiveCfg = Release|Any CPU
		{E8D352F2-E639-4953-E773-F9618EAFF912}.Release|x64.Build.0 = Release|Any CPU
		{E8D352F2-E639-4953-E773-F9618EAFF912}.Release|x86.ActiveCfg = Release|Any CPU
		{E8D352F2-E639-4953-E773-F9618EAFF912}.Release|x86.Build.0 = Release|Any CPU
		{69A36CE2-94F8-4690-83A5-DB879D92EF63}.Debug|Any CPU.ActiveCfg = Debug|Any CPU
		{69A36CE2-94F8-4690-83A5-DB879D92EF63}.Debug|Any CPU.Build.0 = Debug|Any CPU
		{69A36CE2-94F8-4690-83A5-DB879D92EF63}.Debug|x64.ActiveCfg = Debug|Any CPU
		{69A36CE2-94F8-4690-83A5-DB879D92EF63}.Debug|x64.Build.0 = Debug|Any CPU
		{69A36CE2-94F8-4690-83A5-DB879D92EF63}.Debug|x86.ActiveCfg = Debug|Any CPU
		{69A36CE2-94F8-4690-83A5-DB879D92EF63}.Debug|x86.Build.0 = Debug|Any CPU
		{69A36CE2-94F8-4690-83A5-DB879D92EF63}.Release|Any CPU.ActiveCfg = Release|Any CPU
		{69A36CE2-94F8-4690-83A5-DB879D92EF63}.Release|Any CPU.Build.0 = Release|Any CPU
		{69A36CE2-94F8-4690-83A5-DB879D92EF63}.Release|x64.ActiveCfg = Release|Any CPU
		{69A36CE2-94F8-4690-83A5-DB879D92EF63}.Release|x64.Build.0 = Release|Any CPU
		{69A36CE2-94F8-4690-83A5-DB879D92EF63}.Release|x86.ActiveCfg = Release|Any CPU
		{69A36CE2-94F8-4690-83A5-DB879D92EF63}.Release|x86.Build.0 = Release|Any CPU
		{3CCF6432-7E28-91C5-46E3-ED0E032DAFFB}.Debug|Any CPU.ActiveCfg = Debug|Any CPU
		{3CCF6432-7E28-91C5-46E3-ED0E032DAFFB}.Debug|Any CPU.Build.0 = Debug|Any CPU
		{3CCF6432-7E28-91C5-46E3-ED0E032DAFFB}.Debug|x64.ActiveCfg = Debug|Any CPU
		{3CCF6432-7E28-91C5-46E3-ED0E032DAFFB}.Debug|x64.Build.0 = Debug|Any CPU
		{3CCF6432-7E28-91C5-46E3-ED0E032DAFFB}.Debug|x86.ActiveCfg = Debug|Any CPU
		{3CCF6432-7E28-91C5-46E3-ED0E032DAFFB}.Debug|x86.Build.0 = Debug|Any CPU
		{3CCF6432-7E28-91C5-46E3-ED0E032DAFFB}.Release|Any CPU.ActiveCfg = Release|Any CPU
		{3CCF6432-7E28-91C5-46E3-ED0E032DAFFB}.Release|Any CPU.Build.0 = Release|Any CPU
		{3CCF6432-7E28-91C5-46E3-ED0E032DAFFB}.Release|x64.ActiveCfg = Release|Any CPU
		{3CCF6432-7E28-91C5-46E3-ED0E032DAFFB}.Release|x64.Build.0 = Release|Any CPU
		{3CCF6432-7E28-91C5-46E3-ED0E032DAFFB}.Release|x86.ActiveCfg = Release|Any CPU
		{3CCF6432-7E28-91C5-46E3-ED0E032DAFFB}.Release|x86.Build.0 = Release|Any CPU
		{E5FEED70-DF5A-8628-162C-8D92D6A86A95}.Debug|Any CPU.ActiveCfg = Debug|Any CPU
		{E5FEED70-DF5A-8628-162C-8D92D6A86A95}.Debug|Any CPU.Build.0 = Debug|Any CPU
		{E5FEED70-DF5A-8628-162C-8D92D6A86A95}.Debug|x64.ActiveCfg = Debug|Any CPU
		{E5FEED70-DF5A-8628-162C-8D92D6A86A95}.Debug|x64.Build.0 = Debug|Any CPU
		{E5FEED70-DF5A-8628-162C-8D92D6A86A95}.Debug|x86.ActiveCfg = Debug|Any CPU
		{E5FEED70-DF5A-8628-162C-8D92D6A86A95}.Debug|x86.Build.0 = Debug|Any CPU
		{E5FEED70-DF5A-8628-162C-8D92D6A86A95}.Release|Any CPU.ActiveCfg = Release|Any CPU
		{E5FEED70-DF5A-8628-162C-8D92D6A86A95}.Release|Any CPU.Build.0 = Release|Any CPU
		{E5FEED70-DF5A-8628-162C-8D92D6A86A95}.Release|x64.ActiveCfg = Release|Any CPU
		{E5FEED70-DF5A-8628-162C-8D92D6A86A95}.Release|x64.Build.0 = Release|Any CPU
		{E5FEED70-DF5A-8628-162C-8D92D6A86A95}.Release|x86.ActiveCfg = Release|Any CPU
		{E5FEED70-DF5A-8628-162C-8D92D6A86A95}.Release|x86.Build.0 = Release|Any CPU
		{E5308F38-829F-CD9B-C4F0-E76C016A1FEA}.Debug|Any CPU.ActiveCfg = Debug|Any CPU
		{E5308F38-829F-CD9B-C4F0-E76C016A1FEA}.Debug|Any CPU.Build.0 = Debug|Any CPU
		{E5308F38-829F-CD9B-C4F0-E76C016A1FEA}.Debug|x64.ActiveCfg = Debug|Any CPU
		{E5308F38-829F-CD9B-C4F0-E76C016A1FEA}.Debug|x64.Build.0 = Debug|Any CPU
		{E5308F38-829F-CD9B-C4F0-E76C016A1FEA}.Debug|x86.ActiveCfg = Debug|Any CPU
		{E5308F38-829F-CD9B-C4F0-E76C016A1FEA}.Debug|x86.Build.0 = Debug|Any CPU
		{E5308F38-829F-CD9B-C4F0-E76C016A1FEA}.Release|Any CPU.ActiveCfg = Release|Any CPU
		{E5308F38-829F-CD9B-C4F0-E76C016A1FEA}.Release|Any CPU.Build.0 = Release|Any CPU
		{E5308F38-829F-CD9B-C4F0-E76C016A1FEA}.Release|x64.ActiveCfg = Release|Any CPU
		{E5308F38-829F-CD9B-C4F0-E76C016A1FEA}.Release|x64.Build.0 = Release|Any CPU
		{E5308F38-829F-CD9B-C4F0-E76C016A1FEA}.Release|x86.ActiveCfg = Release|Any CPU
		{E5308F38-829F-CD9B-C4F0-E76C016A1FEA}.Release|x86.Build.0 = Release|Any CPU
		{CF1B7240-323A-1AC9-50E3-DA8624BEECE0}.Debug|Any CPU.ActiveCfg = Debug|Any CPU
		{CF1B7240-323A-1AC9-50E3-DA8624BEECE0}.Debug|Any CPU.Build.0 = Debug|Any CPU
		{CF1B7240-323A-1AC9-50E3-DA8624BEECE0}.Debug|x64.ActiveCfg = Debug|Any CPU
		{CF1B7240-323A-1AC9-50E3-DA8624BEECE0}.Debug|x64.Build.0 = Debug|Any CPU
		{CF1B7240-323A-1AC9-50E3-DA8624BEECE0}.Debug|x86.ActiveCfg = Debug|Any CPU
		{CF1B7240-323A-1AC9-50E3-DA8624BEECE0}.Debug|x86.Build.0 = Debug|Any CPU
		{CF1B7240-323A-1AC9-50E3-DA8624BEECE0}.Release|Any CPU.ActiveCfg = Release|Any CPU
		{CF1B7240-323A-1AC9-50E3-DA8624BEECE0}.Release|Any CPU.Build.0 = Release|Any CPU
		{CF1B7240-323A-1AC9-50E3-DA8624BEECE0}.Release|x64.ActiveCfg = Release|Any CPU
		{CF1B7240-323A-1AC9-50E3-DA8624BEECE0}.Release|x64.Build.0 = Release|Any CPU
		{CF1B7240-323A-1AC9-50E3-DA8624BEECE0}.Release|x86.ActiveCfg = Release|Any CPU
		{CF1B7240-323A-1AC9-50E3-DA8624BEECE0}.Release|x86.Build.0 = Release|Any CPU
		{F1B464E7-4FCF-2262-9CFB-94942DA2C4FD}.Debug|Any CPU.ActiveCfg = Debug|Any CPU
		{F1B464E7-4FCF-2262-9CFB-94942DA2C4FD}.Debug|Any CPU.Build.0 = Debug|Any CPU
		{F1B464E7-4FCF-2262-9CFB-94942DA2C4FD}.Debug|x64.ActiveCfg = Debug|Any CPU
		{F1B464E7-4FCF-2262-9CFB-94942DA2C4FD}.Debug|x64.Build.0 = Debug|Any CPU
		{F1B464E7-4FCF-2262-9CFB-94942DA2C4FD}.Debug|x86.ActiveCfg = Debug|Any CPU
		{F1B464E7-4FCF-2262-9CFB-94942DA2C4FD}.Debug|x86.Build.0 = Debug|Any CPU
		{F1B464E7-4FCF-2262-9CFB-94942DA2C4FD}.Release|Any CPU.ActiveCfg = Release|Any CPU
		{F1B464E7-4FCF-2262-9CFB-94942DA2C4FD}.Release|Any CPU.Build.0 = Release|Any CPU
		{F1B464E7-4FCF-2262-9CFB-94942DA2C4FD}.Release|x64.ActiveCfg = Release|Any CPU
		{F1B464E7-4FCF-2262-9CFB-94942DA2C4FD}.Release|x64.Build.0 = Release|Any CPU
		{F1B464E7-4FCF-2262-9CFB-94942DA2C4FD}.Release|x86.ActiveCfg = Release|Any CPU
		{F1B464E7-4FCF-2262-9CFB-94942DA2C4FD}.Release|x86.Build.0 = Release|Any CPU
		{66B6B2D7-1D96-1E6E-C1AF-E49DEA6DB93F}.Debug|Any CPU.ActiveCfg = Debug|Any CPU
		{66B6B2D7-1D96-1E6E-C1AF-E49DEA6DB93F}.Debug|Any CPU.Build.0 = Debug|Any CPU
		{66B6B2D7-1D96-1E6E-C1AF-E49DEA6DB93F}.Debug|x64.ActiveCfg = Debug|Any CPU
		{66B6B2D7-1D96-1E6E-C1AF-E49DEA6DB93F}.Debug|x64.Build.0 = Debug|Any CPU
		{66B6B2D7-1D96-1E6E-C1AF-E49DEA6DB93F}.Debug|x86.ActiveCfg = Debug|Any CPU
		{66B6B2D7-1D96-1E6E-C1AF-E49DEA6DB93F}.Debug|x86.Build.0 = Debug|Any CPU
		{66B6B2D7-1D96-1E6E-C1AF-E49DEA6DB93F}.Release|Any CPU.ActiveCfg = Release|Any CPU
		{66B6B2D7-1D96-1E6E-C1AF-E49DEA6DB93F}.Release|Any CPU.Build.0 = Release|Any CPU
		{66B6B2D7-1D96-1E6E-C1AF-E49DEA6DB93F}.Release|x64.ActiveCfg = Release|Any CPU
		{66B6B2D7-1D96-1E6E-C1AF-E49DEA6DB93F}.Release|x64.Build.0 = Release|Any CPU
		{66B6B2D7-1D96-1E6E-C1AF-E49DEA6DB93F}.Release|x86.ActiveCfg = Release|Any CPU
		{66B6B2D7-1D96-1E6E-C1AF-E49DEA6DB93F}.Release|x86.Build.0 = Release|Any CPU
		{92FE51A6-3B4F-44E3-953E-4BB6B39382CE}.Debug|Any CPU.ActiveCfg = Debug|Any CPU
		{92FE51A6-3B4F-44E3-953E-4BB6B39382CE}.Debug|Any CPU.Build.0 = Debug|Any CPU
		{92FE51A6-3B4F-44E3-953E-4BB6B39382CE}.Debug|x64.ActiveCfg = Debug|Any CPU
		{92FE51A6-3B4F-44E3-953E-4BB6B39382CE}.Debug|x64.Build.0 = Debug|Any CPU
		{92FE51A6-3B4F-44E3-953E-4BB6B39382CE}.Debug|x86.ActiveCfg = Debug|Any CPU
		{92FE51A6-3B4F-44E3-953E-4BB6B39382CE}.Debug|x86.Build.0 = Debug|Any CPU
		{92FE51A6-3B4F-44E3-953E-4BB6B39382CE}.Release|Any CPU.ActiveCfg = Release|Any CPU
		{92FE51A6-3B4F-44E3-953E-4BB6B39382CE}.Release|Any CPU.Build.0 = Release|Any CPU
		{92FE51A6-3B4F-44E3-953E-4BB6B39382CE}.Release|x64.ActiveCfg = Release|Any CPU
		{92FE51A6-3B4F-44E3-953E-4BB6B39382CE}.Release|x64.Build.0 = Release|Any CPU
		{92FE51A6-3B4F-44E3-953E-4BB6B39382CE}.Release|x86.ActiveCfg = Release|Any CPU
		{92FE51A6-3B4F-44E3-953E-4BB6B39382CE}.Release|x86.Build.0 = Release|Any CPU
		{7C7029DD-9E3F-4FB3-9F88-69CE533C57A8}.Debug|Any CPU.ActiveCfg = Debug|Any CPU
		{7C7029DD-9E3F-4FB3-9F88-69CE533C57A8}.Debug|Any CPU.Build.0 = Debug|Any CPU
		{7C7029DD-9E3F-4FB3-9F88-69CE533C57A8}.Debug|x64.ActiveCfg = Debug|Any CPU
		{7C7029DD-9E3F-4FB3-9F88-69CE533C57A8}.Debug|x64.Build.0 = Debug|Any CPU
		{7C7029DD-9E3F-4FB3-9F88-69CE533C57A8}.Debug|x86.ActiveCfg = Debug|Any CPU
		{7C7029DD-9E3F-4FB3-9F88-69CE533C57A8}.Debug|x86.Build.0 = Debug|Any CPU
		{7C7029DD-9E3F-4FB3-9F88-69CE533C57A8}.Release|Any CPU.ActiveCfg = Release|Any CPU
		{7C7029DD-9E3F-4FB3-9F88-69CE533C57A8}.Release|Any CPU.Build.0 = Release|Any CPU
		{7C7029DD-9E3F-4FB3-9F88-69CE533C57A8}.Release|x64.ActiveCfg = Release|Any CPU
		{7C7029DD-9E3F-4FB3-9F88-69CE533C57A8}.Release|x64.Build.0 = Release|Any CPU
		{7C7029DD-9E3F-4FB3-9F88-69CE533C57A8}.Release|x86.ActiveCfg = Release|Any CPU
		{7C7029DD-9E3F-4FB3-9F88-69CE533C57A8}.Release|x86.Build.0 = Release|Any CPU
		{03E3ADFA-8AAE-4FB6-B710-727E5893C50E}.Debug|Any CPU.ActiveCfg = Debug|Any CPU
		{03E3ADFA-8AAE-4FB6-B710-727E5893C50E}.Debug|Any CPU.Build.0 = Debug|Any CPU
		{03E3ADFA-8AAE-4FB6-B710-727E5893C50E}.Debug|x64.ActiveCfg = Debug|Any CPU
		{03E3ADFA-8AAE-4FB6-B710-727E5893C50E}.Debug|x64.Build.0 = Debug|Any CPU
		{03E3ADFA-8AAE-4FB6-B710-727E5893C50E}.Debug|x86.ActiveCfg = Debug|Any CPU
		{03E3ADFA-8AAE-4FB6-B710-727E5893C50E}.Debug|x86.Build.0 = Debug|Any CPU
		{03E3ADFA-8AAE-4FB6-B710-727E5893C50E}.Release|Any CPU.ActiveCfg = Release|Any CPU
		{03E3ADFA-8AAE-4FB6-B710-727E5893C50E}.Release|Any CPU.Build.0 = Release|Any CPU
		{03E3ADFA-8AAE-4FB6-B710-727E5893C50E}.Release|x64.ActiveCfg = Release|Any CPU
		{03E3ADFA-8AAE-4FB6-B710-727E5893C50E}.Release|x64.Build.0 = Release|Any CPU
		{03E3ADFA-8AAE-4FB6-B710-727E5893C50E}.Release|x86.ActiveCfg = Release|Any CPU
		{03E3ADFA-8AAE-4FB6-B710-727E5893C50E}.Release|x86.Build.0 = Release|Any CPU
		{9E439249-E6FF-4576-83CB-F7C1F3CD13C5}.Debug|Any CPU.ActiveCfg = Debug|Any CPU
		{9E439249-E6FF-4576-83CB-F7C1F3CD13C5}.Debug|Any CPU.Build.0 = Debug|Any CPU
		{9E439249-E6FF-4576-83CB-F7C1F3CD13C5}.Debug|x64.ActiveCfg = Debug|Any CPU
		{9E439249-E6FF-4576-83CB-F7C1F3CD13C5}.Debug|x64.Build.0 = Debug|Any CPU
		{9E439249-E6FF-4576-83CB-F7C1F3CD13C5}.Debug|x86.ActiveCfg = Debug|Any CPU
		{9E439249-E6FF-4576-83CB-F7C1F3CD13C5}.Debug|x86.Build.0 = Debug|Any CPU
		{9E439249-E6FF-4576-83CB-F7C1F3CD13C5}.Release|Any CPU.ActiveCfg = Release|Any CPU
		{9E439249-E6FF-4576-83CB-F7C1F3CD13C5}.Release|Any CPU.Build.0 = Release|Any CPU
		{9E439249-E6FF-4576-83CB-F7C1F3CD13C5}.Release|x64.ActiveCfg = Release|Any CPU
		{9E439249-E6FF-4576-83CB-F7C1F3CD13C5}.Release|x64.Build.0 = Release|Any CPU
		{9E439249-E6FF-4576-83CB-F7C1F3CD13C5}.Release|x86.ActiveCfg = Release|Any CPU
		{9E439249-E6FF-4576-83CB-F7C1F3CD13C5}.Release|x86.Build.0 = Release|Any CPU
		{2A6D39F7-A6E1-4B32-8E1B-F2725596D2CC}.Debug|Any CPU.ActiveCfg = Debug|Any CPU
		{2A6D39F7-A6E1-4B32-8E1B-F2725596D2CC}.Debug|Any CPU.Build.0 = Debug|Any CPU
		{2A6D39F7-A6E1-4B32-8E1B-F2725596D2CC}.Debug|x64.ActiveCfg = Debug|Any CPU
		{2A6D39F7-A6E1-4B32-8E1B-F2725596D2CC}.Debug|x64.Build.0 = Debug|Any CPU
		{2A6D39F7-A6E1-4B32-8E1B-F2725596D2CC}.Debug|x86.ActiveCfg = Debug|Any CPU
		{2A6D39F7-A6E1-4B32-8E1B-F2725596D2CC}.Debug|x86.Build.0 = Debug|Any CPU
		{2A6D39F7-A6E1-4B32-8E1B-F2725596D2CC}.Release|Any CPU.ActiveCfg = Release|Any CPU
		{2A6D39F7-A6E1-4B32-8E1B-F2725596D2CC}.Release|Any CPU.Build.0 = Release|Any CPU
		{2A6D39F7-A6E1-4B32-8E1B-F2725596D2CC}.Release|x64.ActiveCfg = Release|Any CPU
		{2A6D39F7-A6E1-4B32-8E1B-F2725596D2CC}.Release|x64.Build.0 = Release|Any CPU
		{2A6D39F7-A6E1-4B32-8E1B-F2725596D2CC}.Release|x86.ActiveCfg = Release|Any CPU
		{2A6D39F7-A6E1-4B32-8E1B-F2725596D2CC}.Release|x86.Build.0 = Release|Any CPU
		{4D908B30-DDAB-4E6C-AE34-84F508A57C30}.Debug|Any CPU.ActiveCfg = Debug|Any CPU
		{4D908B30-DDAB-4E6C-AE34-84F508A57C30}.Debug|Any CPU.Build.0 = Debug|Any CPU
		{4D908B30-DDAB-4E6C-AE34-84F508A57C30}.Debug|x64.ActiveCfg = Debug|Any CPU
		{4D908B30-DDAB-4E6C-AE34-84F508A57C30}.Debug|x64.Build.0 = Debug|Any CPU
		{4D908B30-DDAB-4E6C-AE34-84F508A57C30}.Debug|x86.ActiveCfg = Debug|Any CPU
		{4D908B30-DDAB-4E6C-AE34-84F508A57C30}.Debug|x86.Build.0 = Debug|Any CPU
		{4D908B30-DDAB-4E6C-AE34-84F508A57C30}.Release|Any CPU.ActiveCfg = Release|Any CPU
		{4D908B30-DDAB-4E6C-AE34-84F508A57C30}.Release|Any CPU.Build.0 = Release|Any CPU
		{4D908B30-DDAB-4E6C-AE34-84F508A57C30}.Release|x64.ActiveCfg = Release|Any CPU
		{4D908B30-DDAB-4E6C-AE34-84F508A57C30}.Release|x64.Build.0 = Release|Any CPU
		{4D908B30-DDAB-4E6C-AE34-84F508A57C30}.Release|x86.ActiveCfg = Release|Any CPU
		{4D908B30-DDAB-4E6C-AE34-84F508A57C30}.Release|x86.Build.0 = Release|Any CPU
		{3638CB56-88D4-42E4-AD2F-2C4979C52123}.Debug|Any CPU.ActiveCfg = Debug|Any CPU
		{3638CB56-88D4-42E4-AD2F-2C4979C52123}.Debug|Any CPU.Build.0 = Debug|Any CPU
		{3638CB56-88D4-42E4-AD2F-2C4979C52123}.Debug|x64.ActiveCfg = Debug|Any CPU
		{3638CB56-88D4-42E4-AD2F-2C4979C52123}.Debug|x64.Build.0 = Debug|Any CPU
		{3638CB56-88D4-42E4-AD2F-2C4979C52123}.Debug|x86.ActiveCfg = Debug|Any CPU
		{3638CB56-88D4-42E4-AD2F-2C4979C52123}.Debug|x86.Build.0 = Debug|Any CPU
		{3638CB56-88D4-42E4-AD2F-2C4979C52123}.Release|Any CPU.ActiveCfg = Release|Any CPU
		{3638CB56-88D4-42E4-AD2F-2C4979C52123}.Release|Any CPU.Build.0 = Release|Any CPU
		{3638CB56-88D4-42E4-AD2F-2C4979C52123}.Release|x64.ActiveCfg = Release|Any CPU
		{3638CB56-88D4-42E4-AD2F-2C4979C52123}.Release|x64.Build.0 = Release|Any CPU
		{3638CB56-88D4-42E4-AD2F-2C4979C52123}.Release|x86.ActiveCfg = Release|Any CPU
		{3638CB56-88D4-42E4-AD2F-2C4979C52123}.Release|x86.Build.0 = Release|Any CPU
		{9721A8A4-1DC9-5E9D-4081-E84527C0509F}.Debug|Any CPU.ActiveCfg = Debug|Any CPU
		{9721A8A4-1DC9-5E9D-4081-E84527C0509F}.Debug|Any CPU.Build.0 = Debug|Any CPU
		{9721A8A4-1DC9-5E9D-4081-E84527C0509F}.Debug|x64.ActiveCfg = Debug|Any CPU
		{9721A8A4-1DC9-5E9D-4081-E84527C0509F}.Debug|x64.Build.0 = Debug|Any CPU
		{9721A8A4-1DC9-5E9D-4081-E84527C0509F}.Debug|x86.ActiveCfg = Debug|Any CPU
		{9721A8A4-1DC9-5E9D-4081-E84527C0509F}.Debug|x86.Build.0 = Debug|Any CPU
		{9721A8A4-1DC9-5E9D-4081-E84527C0509F}.Release|Any CPU.ActiveCfg = Release|Any CPU
		{9721A8A4-1DC9-5E9D-4081-E84527C0509F}.Release|Any CPU.Build.0 = Release|Any CPU
		{9721A8A4-1DC9-5E9D-4081-E84527C0509F}.Release|x64.ActiveCfg = Release|Any CPU
		{9721A8A4-1DC9-5E9D-4081-E84527C0509F}.Release|x64.Build.0 = Release|Any CPU
		{9721A8A4-1DC9-5E9D-4081-E84527C0509F}.Release|x86.ActiveCfg = Release|Any CPU
		{9721A8A4-1DC9-5E9D-4081-E84527C0509F}.Release|x86.Build.0 = Release|Any CPU
	EndGlobalSection
	GlobalSection(SolutionProperties) = preSolution
		HideSolutionNode = FALSE
	EndGlobalSection
	GlobalSection(NestedProjects) = preSolution
		{53F37E41-5FDA-306A-002C-334CB834F5E8} = {827E0CD3-B72D-47B6-A68D-7590B98EB39B}
		{E8D352F2-E639-4953-E773-F9618EAFF912} = {827E0CD3-B72D-47B6-A68D-7590B98EB39B}
		{69A36CE2-94F8-4690-83A5-DB879D92EF63} = {827E0CD3-B72D-47B6-A68D-7590B98EB39B}
		{3CCF6432-7E28-91C5-46E3-ED0E032DAFFB} = {827E0CD3-B72D-47B6-A68D-7590B98EB39B}
		{E5FEED70-DF5A-8628-162C-8D92D6A86A95} = {827E0CD3-B72D-47B6-A68D-7590B98EB39B}
		{E5308F38-829F-CD9B-C4F0-E76C016A1FEA} = {827E0CD3-B72D-47B6-A68D-7590B98EB39B}
		{CF1B7240-323A-1AC9-50E3-DA8624BEECE0} = {827E0CD3-B72D-47B6-A68D-7590B98EB39B}
		{F1B464E7-4FCF-2262-9CFB-94942DA2C4FD} = {827E0CD3-B72D-47B6-A68D-7590B98EB39B}
		{66B6B2D7-1D96-1E6E-C1AF-E49DEA6DB93F} = {827E0CD3-B72D-47B6-A68D-7590B98EB39B}
		{92FE51A6-3B4F-44E3-953E-4BB6B39382CE} = {827E0CD3-B72D-47B6-A68D-7590B98EB39B}
		{7C7029DD-9E3F-4FB3-9F88-69CE533C57A8} = {827E0CD3-B72D-47B6-A68D-7590B98EB39B}
		{03E3ADFA-8AAE-4FB6-B710-727E5893C50E} = {827E0CD3-B72D-47B6-A68D-7590B98EB39B}
		{9E439249-E6FF-4576-83CB-F7C1F3CD13C5} = {827E0CD3-B72D-47B6-A68D-7590B98EB39B}
		{2A6D39F7-A6E1-4B32-8E1B-F2725596D2CC} = {827E0CD3-B72D-47B6-A68D-7590B98EB39B}
		{4D908B30-DDAB-4E6C-AE34-84F508A57C30} = {827E0CD3-B72D-47B6-A68D-7590B98EB39B}
		{3638CB56-88D4-42E4-AD2F-2C4979C52123} = {827E0CD3-B72D-47B6-A68D-7590B98EB39B}
		{9721A8A4-1DC9-5E9D-4081-E84527C0509F} = {827E0CD3-B72D-47B6-A68D-7590B98EB39B}
	EndGlobalSection
	GlobalSection(ExtensibilityGlobals) = postSolution
		SolutionGuid = {F2EFFE39-91A9-40D3-A194-20497E96528A}
	EndGlobalSection
EndGlobal
